{
  "name": "@tari-project/wallet_jrpc_client",
  "version": "1.4.0",
  "lockfileVersion": 3,
  "requires": true,
  "packages": {
    "": {
      "name": "@tari-project/wallet_jrpc_client",
      "version": "1.4.0",
      "license": "ISC",
      "dependencies": {
        "@tari-project/typescript-bindings": "^1.4.0"
      },
      "devDependencies": {
        "typescript": "^5.3.3"
      }
    },
    "../../../../../bindings": {
      "extraneous": true
    },
    "../../../../bindings": {
      "extraneous": true
    },
    "node_modules/@tari-project/typescript-bindings": {
      "version": "1.4.0",
      "resolved": "https://registry.npmjs.org/@tari-project/typescript-bindings/-/typescript-bindings-1.4.0.tgz",
      "integrity": "sha512-Dk5rX2NKs00BpH4tp3TdKREzo12NqAEKB88j7DYn46LwrLwN2I2Oa9/ernTF3Q/Uwz/zoT7p1B7RZRdvKqBuGw=="
    },
    "node_modules/typescript": {
      "version": "5.3.3",
      "resolved": "https://registry.npmjs.org/typescript/-/typescript-5.3.3.tgz",
      "integrity": "sha512-pXWcraxM0uxAS+tN0AG/BF2TyqmHO014Z070UsJ+pFvYuRSq8KH8DmWpnbXe0pEPDHXZV3FcAbJkijJ5oNEnWw==",
      "dev": true,
      "bin": {
        "tsc": "bin/tsc",
        "tsserver": "bin/tsserver"
      },
      "engines": {
        "node": ">=14.17"
      }
    }
  }
}
